
Microsoft Visual Studio Solution File, Format Version 12.00
# Visual Studio Version 17
VisualStudioVersion = 17.0.32014.148
MinimumVisualStudioVersion = 10.0.40219.1
Project("{9A19103F-16F7-4668-BE54-9A1E7A4F7556}") = "MoneyManager", "MoneyManager.csproj", "{8AF4CE35-0E6F-482B-B079-5CC1F2CBCBE0}"
EndProject
Global
	GlobalSection(SolutionConfigurationPlatforms) = preSolution
		Debug|Any CPU = Debug|Any CPU
		Release|Any CPU = Release|Any CPU
	EndGlobalSection
	GlobalSection(ProjectConfigurationPlatforms) = postSolution
		{8AF4CE35-0E6F-482B-B079-5CC1F2CBCBE0}.Debug|Any CPU.ActiveCfg = Debug|Any CPU
		{8AF4CE35-0E6F-482B-B079-5CC1F2CBCBE0}.Debug|Any CPU.Build.0 = Debug|Any CPU
		{8AF4CE35-0E6F-482B-B079-5CC1F2CBCBE0}.Release|Any CPU.ActiveCfg = Release|Any CPU
		{8AF4CE35-0E6F-482B-B079-5CC1F2CBCBE0}.Release|Any CPU.Build.0 = Release|Any CPU
	EndGlobalSection
	GlobalSection(SolutionProperties) = preSolution
		HideSolutionNode = FALSE
	EndGlobalSection
	GlobalSection(ExtensibilityGlobals) = postSolution
		SolutionGuid = {F6ADAA83-3FDE-4D66-B9ED-6EB31038D97F}
	EndGlobalSection
EndGlobal
